
Microsoft Visual Studio Solution File, Format Version 12.00
Project("{2150E333-8FDC-42A3-9474-1A3956D46DE8}") = "Solution Items", "Solution Items", "{350EB589-715A-4AA5-B113-9938277844F1}"
	ProjectSection(SolutionItems) = preProject
		docker-compose.yml = docker-compose.yml
	EndProjectSection
EndProject
Project("{FAE04EC0-301F-11D3-BF4B-00C04F79EFBC}") = "nhs-ogsm", "nhs-ogsm\nhs-ogsm.csproj", "{C39869DC-BCE8-4459-A781-61765D5DD869}"
EndProject
Global
	GlobalSection(SolutionConfigurationPlatforms) = preSolution
		Debug|Any CPU = Debug|Any CPU
		Release|Any CPU = Release|Any CPU
	EndGlobalSection
	GlobalSection(ProjectConfigurationPlatforms) = postSolution
		{C39869DC-BCE8-4459-A781-61765D5DD869}.Debug|Any CPU.ActiveCfg = Debug|Any CPU
		{C39869DC-BCE8-4459-A781-61765D5DD869}.Debug|Any CPU.Build.0 = Debug|Any CPU
		{C39869DC-BCE8-4459-A781-61765D5DD869}.Release|Any CPU.ActiveCfg = Release|Any CPU
		{C39869DC-BCE8-4459-A781-61765D5DD869}.Release|Any CPU.Build.0 = Release|Any CPU
	EndGlobalSection
EndGlobal
